
Microsoft Visual Studio Solution File, Format Version 12.00
# Visual Studio Version 17
VisualStudioVersion = 17.5.33414.496
MinimumVisualStudioVersion = 10.0.40219.1
Project("{FAE04EC0-301F-11D3-BF4B-00C04F79EFBC}") = "tpmod8-1302210053", "tpmod8-1302210053\tpmod8-1302210053.csproj", "{89830E05-7393-441C-BDC3-1ECBCB6C5E44}"
EndProject
Global
	GlobalSection(SolutionConfigurationPlatforms) = preSolution
		Debug|Any CPU = Debug|Any CPU
		Release|Any CPU = Release|Any CPU
	EndGlobalSection
	GlobalSection(ProjectConfigurationPlatforms) = postSolution
		{89830E05-7393-441C-BDC3-1ECBCB6C5E44}.Debug|Any CPU.ActiveCfg = Debug|Any CPU
		{89830E05-7393-441C-BDC3-1ECBCB6C5E44}.Debug|Any CPU.Build.0 = Debug|Any CPU
		{89830E05-7393-441C-BDC3-1ECBCB6C5E44}.Release|Any CPU.ActiveCfg = Release|Any CPU
		{89830E05-7393-441C-BDC3-1ECBCB6C5E44}.Release|Any CPU.Build.0 = Release|Any CPU
	EndGlobalSection
	GlobalSection(SolutionProperties) = preSolution
		HideSolutionNode = FALSE
	EndGlobalSection
	GlobalSection(ExtensibilityGlobals) = postSolution
		SolutionGuid = {4753D9C0-9CAC-4A35-8516-B03061396207}
	EndGlobalSection
EndGlobal
